
Microsoft Visual Studio Solution File, Format Version 12.00
# Visual Studio Version 17
VisualStudioVersion = 17.11.35431.28
MinimumVisualStudioVersion = 10.0.40219.1
Project("{FAE04EC0-301F-11D3-BF4B-00C04F79EFBC}") = "FileSenderServer", "FileSenderServer\FileSenderServer.csproj", "{9D770F41-7F40-4DDC-B3E5-9B04E1483F58}"
EndProject
Project("{FAE04EC0-301F-11D3-BF4B-00C04F79EFBC}") = "FileSenderClient", "FileSenderClient\FileSenderClient.csproj", "{5AAA54AB-3CA7-45C4-B20C-57EFB0D1EB8E}"
EndProject
Global
	GlobalSection(SolutionConfigurationPlatforms) = preSolution
		Debug|Any CPU = Debug|Any CPU
		Release|Any CPU = Release|Any CPU
	EndGlobalSection
	GlobalSection(ProjectConfigurationPlatforms) = postSolution
		{9D770F41-7F40-4DDC-B3E5-9B04E1483F58}.Debug|Any CPU.ActiveCfg = Debug|Any CPU
		{9D770F41-7F40-4DDC-B3E5-9B04E1483F58}.Debug|Any CPU.Build.0 = Debug|Any CPU
		{9D770F41-7F40-4DDC-B3E5-9B04E1483F58}.Release|Any CPU.ActiveCfg = Release|Any CPU
		{9D770F41-7F40-4DDC-B3E5-9B04E1483F58}.Release|Any CPU.Build.0 = Release|Any CPU
		{5AAA54AB-3CA7-45C4-B20C-57EFB0D1EB8E}.Debug|Any CPU.ActiveCfg = Debug|Any CPU
		{5AAA54AB-3CA7-45C4-B20C-57EFB0D1EB8E}.Debug|Any CPU.Build.0 = Debug|Any CPU
		{5AAA54AB-3CA7-45C4-B20C-57EFB0D1EB8E}.Release|Any CPU.ActiveCfg = Release|Any CPU
		{5AAA54AB-3CA7-45C4-B20C-57EFB0D1EB8E}.Release|Any CPU.Build.0 = Release|Any CPU
	EndGlobalSection
	GlobalSection(SolutionProperties) = preSolution
		HideSolutionNode = FALSE
	EndGlobalSection
	GlobalSection(ExtensibilityGlobals) = postSolution
		SolutionGuid = {860C3A2C-016F-4D81-8A63-412B091132FA}
	EndGlobalSection
EndGlobal
